
Microsoft Visual Studio Solution File, Format Version 12.00
# Visual Studio Version 17
VisualStudioVersion = 17.5.33516.290
MinimumVisualStudioVersion = 10.0.40219.1
Project("{888888A0-9F3D-457C-B088-3A5042F75D52}") = "PythonApplication1", "PythonApplication1\PythonApplication1.pyproj", "{C13B2610-E1CC-4707-B523-532C06C76ACC}"
EndProject
Project("{888888A0-9F3D-457C-B088-3A5042F75D52}") = "DjangoWebProject1", "DjangoWebProject1\DjangoWebProject1.pyproj", "{7F8BE529-377B-46F8-ABA9-89A9C1DFD243}"
EndProject
Project("{8BC9CEB8-8B4A-11D0-8D11-00A0C91BC942}") = "for_dz", "for_dz\for_dz.vcxproj", "{378E8B0E-E24F-4727-BC98-5C0F3C85B3C3}"
EndProject
Project("{FAE04EC0-301F-11D3-BF4B-00C04F79EFBC}") = "2048", "2048\2048.csproj", "{9133C39D-911E-48D8-AD28-C7D277524D05}"
EndProject
Project("{FAE04EC0-301F-11D3-BF4B-00C04F79EFBC}") = "WpfApp3D", "WpfApp3D\WpfApp3D.csproj", "{EA677D20-BBE8-470F-9AAA-52EBC54FF27E}"
EndProject
Project("{FAE04EC0-301F-11D3-BF4B-00C04F79EFBC}") = "ConsoleApp1", "ConsoleApp1\ConsoleApp1.csproj", "{24CE217C-E2B1-4FE1-A852-011C00309C41}"
EndProject
Project("{FAE04EC0-301F-11D3-BF4B-00C04F79EFBC}") = "Server1", "Server1\Server1.csproj", "{6CC1DA35-5733-490C-94BE-F9A6A511A77E}"
EndProject
Project("{FAE04EC0-301F-11D3-BF4B-00C04F79EFBC}") = "Client1", "Client1\Client1.csproj", "{B67140EF-1A3C-4C22-BE08-10DDBC8C24C0}"
EndProject
Project("{888888A0-9F3D-457C-B088-3A5042F75D52}") = "DjangoWebProject2", "DjangoWebProject2\DjangoWebProject2.pyproj", "{13B67FAF-311F-4B71-96AD-5CB8875356C2}"
EndProject
Project("{FAE04EC0-301F-11D3-BF4B-00C04F79EFBC}") = "WindowsFormsApp1", "WindowsFormsApp1\WindowsFormsApp1.csproj", "{C1CA8F99-3531-448A-89DD-062ACB9B5A65}"
EndProject
Project("{FAE04EC0-301F-11D3-BF4B-00C04F79EFBC}") = "Project1", "Project1\Project1.csproj", "{8030F9EA-4101-4B58-838D-5A0D36F7DFC4}"
EndProject
Global
	GlobalSection(SolutionConfigurationPlatforms) = preSolution
		Debug|Any CPU = Debug|Any CPU
		Debug|x64 = Debug|x64
		Debug|x86 = Debug|x86
		Release|Any CPU = Release|Any CPU
		Release|x64 = Release|x64
		Release|x86 = Release|x86
	EndGlobalSection
	GlobalSection(ProjectConfigurationPlatforms) = postSolution
		{C13B2610-E1CC-4707-B523-532C06C76ACC}.Debug|Any CPU.ActiveCfg = Debug|Any CPU
		{C13B2610-E1CC-4707-B523-532C06C76ACC}.Debug|x64.ActiveCfg = Debug|Any CPU
		{C13B2610-E1CC-4707-B523-532C06C76ACC}.Debug|x86.ActiveCfg = Debug|Any CPU
		{C13B2610-E1CC-4707-B523-532C06C76ACC}.Release|Any CPU.ActiveCfg = Release|Any CPU
		{C13B2610-E1CC-4707-B523-532C06C76ACC}.Release|x64.ActiveCfg = Release|Any CPU
		{C13B2610-E1CC-4707-B523-532C06C76ACC}.Release|x86.ActiveCfg = Release|Any CPU
		{7F8BE529-377B-46F8-ABA9-89A9C1DFD243}.Debug|Any CPU.ActiveCfg = Debug|Any CPU
		{7F8BE529-377B-46F8-ABA9-89A9C1DFD243}.Debug|Any CPU.Build.0 = Debug|Any CPU
		{7F8BE529-377B-46F8-ABA9-89A9C1DFD243}.Debug|x64.ActiveCfg = Debug|Any CPU
		{7F8BE529-377B-46F8-ABA9-89A9C1DFD243}.Debug|x64.Build.0 = Debug|Any CPU
		{7F8BE529-377B-46F8-ABA9-89A9C1DFD243}.Debug|x86.ActiveCfg = Debug|Any CPU
		{7F8BE529-377B-46F8-ABA9-89A9C1DFD243}.Debug|x86.Build.0 = Debug|Any CPU
		{7F8BE529-377B-46F8-ABA9-89A9C1DFD243}.Release|Any CPU.ActiveCfg = Release|Any CPU
		{7F8BE529-377B-46F8-ABA9-89A9C1DFD243}.Release|Any CPU.Build.0 = Release|Any CPU
		{7F8BE529-377B-46F8-ABA9-89A9C1DFD243}.Release|x64.ActiveCfg = Release|Any CPU
		{7F8BE529-377B-46F8-ABA9-89A9C1DFD243}.Release|x64.Build.0 = Release|Any CPU
		{7F8BE529-377B-46F8-ABA9-89A9C1DFD243}.Release|x86.ActiveCfg = Release|Any CPU
		{7F8BE529-377B-46F8-ABA9-89A9C1DFD243}.Release|x86.Build.0 = Release|Any CPU
		{378E8B0E-E24F-4727-BC98-5C0F3C85B3C3}.Debug|Any CPU.ActiveCfg = Debug|x64
		{378E8B0E-E24F-4727-BC98-5C0F3C85B3C3}.Debug|Any CPU.Build.0 = Debug|x64
		{378E8B0E-E24F-4727-BC98-5C0F3C85B3C3}.Debug|x64.ActiveCfg = Debug|x64
		{378E8B0E-E24F-4727-BC98-5C0F3C85B3C3}.Debug|x64.Build.0 = Debug|x64
		{378E8B0E-E24F-4727-BC98-5C0F3C85B3C3}.Debug|x86.ActiveCfg = Debug|Win32
		{378E8B0E-E24F-4727-BC98-5C0F3C85B3C3}.Debug|x86.Build.0 = Debug|Win32
		{378E8B0E-E24F-4727-BC98-5C0F3C85B3C3}.Release|Any CPU.ActiveCfg = Release|x64
		{378E8B0E-E24F-4727-BC98-5C0F3C85B3C3}.Release|Any CPU.Build.0 = Release|x64
		{378E8B0E-E24F-4727-BC98-5C0F3C85B3C3}.Release|x64.ActiveCfg = Release|x64
		{378E8B0E-E24F-4727-BC98-5C0F3C85B3C3}.Release|x64.Build.0 = Release|x64
		{378E8B0E-E24F-4727-BC98-5C0F3C85B3C3}.Release|x86.ActiveCfg = Release|Win32
		{378E8B0E-E24F-4727-BC98-5C0F3C85B3C3}.Release|x86.Build.0 = Release|Win32
		{9133C39D-911E-48D8-AD28-C7D277524D05}.Debug|Any CPU.ActiveCfg = Debug|Any CPU
		{9133C39D-911E-48D8-AD28-C7D277524D05}.Debug|Any CPU.Build.0 = Debug|Any CPU
		{9133C39D-911E-48D8-AD28-C7D277524D05}.Debug|x64.ActiveCfg = Debug|Any CPU
		{9133C39D-911E-48D8-AD28-C7D277524D05}.Debug|x64.Build.0 = Debug|Any CPU
		{9133C39D-911E-48D8-AD28-C7D277524D05}.Debug|x86.ActiveCfg = Debug|Any CPU
		{9133C39D-911E-48D8-AD28-C7D277524D05}.Debug|x86.Build.0 = Debug|Any CPU
		{9133C39D-911E-48D8-AD28-C7D277524D05}.Release|Any CPU.ActiveCfg = Release|Any CPU
		{9133C39D-911E-48D8-AD28-C7D277524D05}.Release|Any CPU.Build.0 = Release|Any CPU
		{9133C39D-911E-48D8-AD28-C7D277524D05}.Release|x64.ActiveCfg = Release|Any CPU
		{9133C39D-911E-48D8-AD28-C7D277524D05}.Release|x64.Build.0 = Release|Any CPU
		{9133C39D-911E-48D8-AD28-C7D277524D05}.Release|x86.ActiveCfg = Release|Any CPU
		{9133C39D-911E-48D8-AD28-C7D277524D05}.Release|x86.Build.0 = Release|Any CPU
		{EA677D20-BBE8-470F-9AAA-52EBC54FF27E}.Debug|Any CPU.ActiveCfg = Debug|Any CPU
		{EA677D20-BBE8-470F-9AAA-52EBC54FF27E}.Debug|Any CPU.Build.0 = Debug|Any CPU
		{EA677D20-BBE8-470F-9AAA-52EBC54FF27E}.Debug|x64.ActiveCfg = Debug|Any CPU
		{EA677D20-BBE8-470F-9AAA-52EBC54FF27E}.Debug|x64.Build.0 = Debug|Any CPU
		{EA677D20-BBE8-470F-9AAA-52EBC54FF27E}.Debug|x86.ActiveCfg = Debug|Any CPU
		{EA677D20-BBE8-470F-9AAA-52EBC54FF27E}.Debug|x86.Build.0 = Debug|Any CPU
		{EA677D20-BBE8-470F-9AAA-52EBC54FF27E}.Release|Any CPU.ActiveCfg = Release|Any CPU
		{EA677D20-BBE8-470F-9AAA-52EBC54FF27E}.Release|Any CPU.Build.0 = Release|Any CPU
		{EA677D20-BBE8-470F-9AAA-52EBC54FF27E}.Release|x64.ActiveCfg = Release|Any CPU
		{EA677D20-BBE8-470F-9AAA-52EBC54FF27E}.Release|x64.Build.0 = Release|Any CPU
		{EA677D20-BBE8-470F-9AAA-52EBC54FF27E}.Release|x86.ActiveCfg = Release|Any CPU
		{EA677D20-BBE8-470F-9AAA-52EBC54FF27E}.Release|x86.Build.0 = Release|Any CPU
		{24CE217C-E2B1-4FE1-A852-011C00309C41}.Debug|Any CPU.ActiveCfg = Debug|Any CPU
		{24CE217C-E2B1-4FE1-A852-011C00309C41}.Debug|Any CPU.Build.0 = Debug|Any CPU
		{24CE217C-E2B1-4FE1-A852-011C00309C41}.Debug|x64.ActiveCfg = Debug|Any CPU
		{24CE217C-E2B1-4FE1-A852-011C00309C41}.Debug|x64.Build.0 = Debug|Any CPU
		{24CE217C-E2B1-4FE1-A852-011C00309C41}.Debug|x86.ActiveCfg = Debug|Any CPU
		{24CE217C-E2B1-4FE1-A852-011C00309C41}.Debug|x86.Build.0 = Debug|Any CPU
		{24CE217C-E2B1-4FE1-A852-011C00309C41}.Release|Any CPU.ActiveCfg = Release|Any CPU
		{24CE217C-E2B1-4FE1-A852-011C00309C41}.Release|Any CPU.Build.0 = Release|Any CPU
		{24CE217C-E2B1-4FE1-A852-011C00309C41}.Release|x64.ActiveCfg = Release|Any CPU
		{24CE217C-E2B1-4FE1-A852-011C00309C41}.Release|x64.Build.0 = Release|Any CPU
		{24CE217C-E2B1-4FE1-A852-011C00309C41}.Release|x86.ActiveCfg = Release|Any CPU
		{24CE217C-E2B1-4FE1-A852-011C00309C41}.Release|x86.Build.0 = Release|Any CPU
		{6CC1DA35-5733-490C-94BE-F9A6A511A77E}.Debug|Any CPU.ActiveCfg = Debug|Any CPU
		{6CC1DA35-5733-490C-94BE-F9A6A511A77E}.Debug|Any CPU.Build.0 = Debug|Any CPU
		{6CC1DA35-5733-490C-94BE-F9A6A511A77E}.Debug|x64.ActiveCfg = Debug|Any CPU
		{6CC1DA35-5733-490C-94BE-F9A6A511A77E}.Debug|x64.Build.0 = Debug|Any CPU
		{6CC1DA35-5733-490C-94BE-F9A6A511A77E}.Debug|x86.ActiveCfg = Debug|Any CPU
		{6CC1DA35-5733-490C-94BE-F9A6A511A77E}.Debug|x86.Build.0 = Debug|Any CPU
		{6CC1DA35-5733-490C-94BE-F9A6A511A77E}.Release|Any CPU.ActiveCfg = Release|Any CPU
		{6CC1DA35-5733-490C-94BE-F9A6A511A77E}.Release|Any CPU.Build.0 = Release|Any CPU
		{6CC1DA35-5733-490C-94BE-F9A6A511A77E}.Release|x64.ActiveCfg = Release|Any CPU
		{6CC1DA35-5733-490C-94BE-F9A6A511A77E}.Release|x64.Build.0 = Release|Any CPU
		{6CC1DA35-5733-490C-94BE-F9A6A511A77E}.Release|x86.ActiveCfg = Release|Any CPU
		{6CC1DA35-5733-490C-94BE-F9A6A511A77E}.Release|x86.Build.0 = Release|Any CPU
		{B67140EF-1A3C-4C22-BE08-10DDBC8C24C0}.Debug|Any CPU.ActiveCfg = Debug|Any CPU
		{B67140EF-1A3C-4C22-BE08-10DDBC8C24C0}.Debug|Any CPU.Build.0 = Debug|Any CPU
		{B67140EF-1A3C-4C22-BE08-10DDBC8C24C0}.Debug|x64.ActiveCfg = Debug|Any CPU
		{B67140EF-1A3C-4C22-BE08-10DDBC8C24C0}.Debug|x64.Build.0 = Debug|Any CPU
		{B67140EF-1A3C-4C22-BE08-10DDBC8C24C0}.Debug|x86.ActiveCfg = Debug|Any CPU
		{B67140EF-1A3C-4C22-BE08-10DDBC8C24C0}.Debug|x86.Build.0 = Debug|Any CPU
		{B67140EF-1A3C-4C22-BE08-10DDBC8C24C0}.Release|Any CPU.ActiveCfg = Release|Any CPU
		{B67140EF-1A3C-4C22-BE08-10DDBC8C24C0}.Release|Any CPU.Build.0 = Release|Any CPU
		{B67140EF-1A3C-4C22-BE08-10DDBC8C24C0}.Release|x64.ActiveCfg = Release|Any CPU
		{B67140EF-1A3C-4C22-BE08-10DDBC8C24C0}.Release|x64.Build.0 = Release|Any CPU
		{B67140EF-1A3C-4C22-BE08-10DDBC8C24C0}.Release|x86.ActiveCfg = Release|Any CPU
		{B67140EF-1A3C-4C22-BE08-10DDBC8C24C0}.Release|x86.Build.0 = Release|Any CPU
		{13B67FAF-311F-4B71-96AD-5CB8875356C2}.Debug|Any CPU.ActiveCfg = Debug|Any CPU
		{13B67FAF-311F-4B71-96AD-5CB8875356C2}.Debug|Any CPU.Build.0 = Debug|Any CPU
		{13B67FAF-311F-4B71-96AD-5CB8875356C2}.Debug|x64.ActiveCfg = Debug|Any CPU
		{13B67FAF-311F-4B71-96AD-5CB8875356C2}.Debug|x64.Build.0 = Debug|Any CPU
		{13B67FAF-311F-4B71-96AD-5CB8875356C2}.Debug|x86.ActiveCfg = Debug|Any CPU
		{13B67FAF-311F-4B71-96AD-5CB8875356C2}.Debug|x86.Build.0 = Debug|Any CPU
		{13B67FAF-311F-4B71-96AD-5CB8875356C2}.Release|Any CPU.ActiveCfg = Release|Any CPU
		{13B67FAF-311F-4B71-96AD-5CB8875356C2}.Release|Any CPU.Build.0 = Release|Any CPU
		{13B67FAF-311F-4B71-96AD-5CB8875356C2}.Release|x64.ActiveCfg = Release|Any CPU
		{13B67FAF-311F-4B71-96AD-5CB8875356C2}.Release|x64.Build.0 = Release|Any CPU
		{13B67FAF-311F-4B71-96AD-5CB8875356C2}.Release|x86.ActiveCfg = Release|Any CPU
		{13B67FAF-311F-4B71-96AD-5CB8875356C2}.Release|x86.Build.0 = Release|Any CPU
		{C1CA8F99-3531-448A-89DD-062ACB9B5A65}.Debug|Any CPU.ActiveCfg = Debug|Any CPU
		{C1CA8F99-3531-448A-89DD-062ACB9B5A65}.Debug|Any CPU.Build.0 = Debug|Any CPU
		{C1CA8F99-3531-448A-89DD-062ACB9B5A65}.Debug|x64.ActiveCfg = Debug|Any CPU
		{C1CA8F99-3531-448A-89DD-062ACB9B5A65}.Debug|x64.Build.0 = Debug|Any CPU
		{C1CA8F99-3531-448A-89DD-062ACB9B5A65}.Debug|x86.ActiveCfg = Debug|Any CPU
		{C1CA8F99-3531-448A-89DD-062ACB9B5A65}.Debug|x86.Build.0 = Debug|Any CPU
		{C1CA8F99-3531-448A-89DD-062ACB9B5A65}.Release|Any CPU.ActiveCfg = Release|Any CPU
		{C1CA8F99-3531-448A-89DD-062ACB9B5A65}.Release|Any CPU.Build.0 = Release|Any CPU
		{C1CA8F99-3531-448A-89DD-062ACB9B5A65}.Release|x64.ActiveCfg = Release|Any CPU
		{C1CA8F99-3531-448A-89DD-062ACB9B5A65}.Release|x64.Build.0 = Release|Any CPU
		{C1CA8F99-3531-448A-89DD-062ACB9B5A65}.Release|x86.ActiveCfg = Release|Any CPU
		{C1CA8F99-3531-448A-89DD-062ACB9B5A65}.Release|x86.Build.0 = Release|Any CPU
		{8030F9EA-4101-4B58-838D-5A0D36F7DFC4}.Debug|Any CPU.ActiveCfg = Debug|Any CPU
		{8030F9EA-4101-4B58-838D-5A0D36F7DFC4}.Debug|Any CPU.Build.0 = Debug|Any CPU
		{8030F9EA-4101-4B58-838D-5A0D36F7DFC4}.Debug|x64.ActiveCfg = Debug|Any CPU
		{8030F9EA-4101-4B58-838D-5A0D36F7DFC4}.Debug|x64.Build.0 = Debug|Any CPU
		{8030F9EA-4101-4B58-838D-5A0D36F7DFC4}.Debug|x86.ActiveCfg = Debug|Any CPU
		{8030F9EA-4101-4B58-838D-5A0D36F7DFC4}.Debug|x86.Build.0 = Debug|Any CPU
		{8030F9EA-4101-4B58-838D-5A0D36F7DFC4}.Release|Any CPU.ActiveCfg = Release|Any CPU
		{8030F9EA-4101-4B58-838D-5A0D36F7DFC4}.Release|Any CPU.Build.0 = Release|Any CPU
		{8030F9EA-4101-4B58-838D-5A0D36F7DFC4}.Release|x64.ActiveCfg = Release|Any CPU
		{8030F9EA-4101-4B58-838D-5A0D36F7DFC4}.Release|x64.Build.0 = Release|Any CPU
		{8030F9EA-4101-4B58-838D-5A0D36F7DFC4}.Release|x86.ActiveCfg = Release|Any CPU
		{8030F9EA-4101-4B58-838D-5A0D36F7DFC4}.Release|x86.Build.0 = Release|Any CPU
	EndGlobalSection
	GlobalSection(SolutionProperties) = preSolution
		HideSolutionNode = FALSE
	EndGlobalSection
	GlobalSection(ExtensibilityGlobals) = postSolution
		SolutionGuid = {909376A0-2513-47D0-874B-0CC3B51EBA23}
	EndGlobalSection
EndGlobal
